{
  "nodes": {
    "kani-flake": {
      "inputs": {
        "kani-src": "kani-src",
        "nixpkgs": [
          "nixpkgs"
        ],
        "rust-overlay": "rust-overlay"
      },
      "locked": {
        "lastModified": 1788253036,
        "narHash": "sha256-OiMxQ73Wjk9IHrwfZ+pnOp7ufhxGCX8DTuB/1Asdr0I=",
        "owner": "trantorian1",
        "repo": "kani-flake",
        "rev": "2a3ac125c803df01ce084a53c43b40d0fb404f76",
        "type": "github"
      },
      "original": {
        "owner": "trantorian1",
        "repo": "kani-flake",
        "type": "github"
      }
    },
    "kani-src": {
      "flake": false,
      "locked": {
        "lastModified": 1788232620,
        "narHash": "sha256-UtxJDeA1aOHJrH2PzfOSUT/zyzOxfvj8y5hT53VlsvY=",
        "ref": "main",
        "rev": "b07abe8a72f8eb1ef1ea3521ca6b00a973d341bc",
        "revCount": 2561,
        "submodules": true,
        "type": "git",
        "url": "https://github.com/model-checking/kani"
      },
      "original": {
        "ref": "main",
        "rev": "b07abe8a72f8eb1ef1ea3521ca6b00a973d341bc",
        "submodules": true,
        "type": "git",
        "url": "https://github.com/model-checking/kani"
      }
    },
    "nixpkgs": {
      "locked": {
        "lastModified": 1788179007,
        "narHash": "sha256-hn1oU2rue2SYK8dAr8+WNZWtbsz1S2W5mnHlSEuh3bo=",
        "owner": "nixos",
        "repo": "nixpkgs",
        "rev": "34ab99075ac4f7e40cf037eef32cb1c360bb85e9",
        "type": "github"
      },
      "original": {
        "owner": "nixos",
        "ref": "nixos-unstable",
        "repo": "nixpkgs",
        "type": "github"
      }
    },
    "root": {
      "inputs": {
        "kani-flake": "kani-flake",
        "nixpkgs": "nixpkgs"
      }
    },
    "rust-overlay": {
      "inputs": {
        "nixpkgs": [
          "kani-flake",
          "nixpkgs"
        ]
      },
      "locked": {
        "lastModified": 1787281715,
        "narHash": "sha256-5yIL5XL31hCZBPWDdUOvUy4cYAl27XZrke7JELhHlnI=",
        "owner": "oxalica",
        "repo": "rust-overlay",
        "rev": "89abdfd661ea493cde2f73d7b1332cb34150aa43",
        "type": "github"
      },
      "original": {
        "owner": "oxalica",
        "repo": "rust-overlay",
        "type": "github"
      }
    }
  },
  "root": "root",
  "version": 7
}
