{
  "nodes": {
    "kani-flake": {
      "inputs": {
        "kani-src": "kani-src",
        "nixpkgs": [
          "nixpkgs"
        ],
        "rust-overlay": "rust-overlay"
      },
      "locked": {
        "lastModified": 1788253036,
        "narHash": "sha256-OiMxQ73Wjk9IHrwfZ+pnOp7ufhxGCX8DTuB/1Asdr0I=",
        "owner": "trantorian1",
        "repo": "kani-flake",
        "rev": "2a3ac125c803df01ce084a53c43b40d0fb404f76",
        "type": "github"
      },
      "original": {
        "owner": "trantorian1",
        "repo": "kani-flake",
        "type": "github"
      }
    },
    "kani-src": {
      "flake": false,
      "locked": {
        "lastModified": 1788232620,
        "narHash": "sha256-UtxJDeA1aOHJrH2PzfOSUT/zyzOxfvj8y5hT53VlsvY=",
        "ref": "main",
        "rev": "b07abe8a72f8eb1ef1ea3521ca6b00a973d341bc",
        "revCount": 2561,
        "submodules": true,
        "type": "git",
        "url": "https://github.com/model-checking/kani"
      },
      "original": {
        "ref": "main",
        "rev": "b07abe8a72f8eb1ef1ea3521ca6b00a973d341bc",
        "submodules": true,
        "type": "git",
        "url": "https://github.com/model-checking/kani"
      }
    },
    "microvm": {
      "inputs": {
        "nixpkgs": [
          "opencode-sandbox",
          "nixpkgs"
        ],
        "spectrum": "spectrum"
      },
      "locked": {
        "lastModified": 1790526615,
        "narHash": "sha256-33a6iTG1uFv12/zV8yo5VvdpftMNQms6TIHhMCVN6zE=",
        "owner": "microvm-nix",
        "repo": "microvm.nix",
        "rev": "81f70a2002254f75b572fc34c55e7df16e9bb176",
        "type": "github"
      },
      "original": {
        "owner": "microvm-nix",
        "repo": "microvm.nix",
        "type": "github"
      }
    },
    "nixlib": {
      "locked": {
        "lastModified": 1791554268,
        "narHash": "sha256-1+DSf0JyJoepF6eTjHvfewJJD3jFVKJHEWpo1dmSt6c=",
        "owner": "nix-util",
        "repo": "nixlib",
        "rev": "2be9a19f69cf741899becc55072d10c49fb42773",
        "type": "github"
      },
      "original": {
        "owner": "nix-util",
        "repo": "nixlib",
        "type": "github"
      }
    },
    "nixpkgs": {
      "locked": {
        "lastModified": 1788179007,
        "narHash": "sha256-hn1oU2rue2SYK8dAr8+WNZWtbsz1S2W5mnHlSEuh3bo=",
        "owner": "nixos",
        "repo": "nixpkgs",
        "rev": "34ab99075ac4f7e40cf037eef32cb1c360bb85e9",
        "type": "github"
      },
      "original": {
        "owner": "nixos",
        "ref": "nixos-unstable",
        "repo": "nixpkgs",
        "type": "github"
      }
    },
    "nixpkgs_2": {
      "locked": {
        "lastModified": 1790822859,
        "narHash": "sha256-69xHQhAeMAD2wDXO7T2pcOZIF9Sga2W+JkmY2a11Ops=",
        "owner": "nixos",
        "repo": "nixpkgs",
        "rev": "c59305bab2065cfecc4944690d9eedbb56f3a9fa",
        "type": "github"
      },
      "original": {
        "owner": "nixos",
        "ref": "nixos-unstable",
        "repo": "nixpkgs",
        "type": "github"
      }
    },
    "opencode-sandbox": {
      "inputs": {
        "microvm": "microvm",
        "nixpkgs": "nixpkgs_2"
      },
      "locked": {
        "lastModified": 1791381782,
        "narHash": "sha256-Ba+M8A0kgh/UB6tl/0ccwupfl7FPYLwUnRduzbj3PSQ=",
        "owner": "OpencodeSandbox",
        "repo": "opencode-sandbox",
        "rev": "4bba88be51bdd450b943476c76a3bd4d12a4d95c",
        "type": "github"
      },
      "original": {
        "owner": "OpencodeSandbox",
        "repo": "opencode-sandbox",
        "type": "github"
      }
    },
    "root": {
      "inputs": {
        "kani-flake": "kani-flake",
        "nixlib": "nixlib",
        "nixpkgs": "nixpkgs",
        "opencode-sandbox": "opencode-sandbox"
      }
    },
    "rust-overlay": {
      "inputs": {
        "nixpkgs": [
          "kani-flake",
          "nixpkgs"
        ]
      },
      "locked": {
        "lastModified": 1787281715,
        "narHash": "sha256-5yIL5XL31hCZBPWDdUOvUy4cYAl27XZrke7JELhHlnI=",
        "owner": "oxalica",
        "repo": "rust-overlay",
        "rev": "89abdfd661ea493cde2f73d7b1332cb34150aa43",
        "type": "github"
      },
      "original": {
        "owner": "oxalica",
        "repo": "rust-overlay",
        "type": "github"
      }
    },
    "spectrum": {
      "flake": false,
      "locked": {
        "lastModified": 1786032750,
        "narHash": "sha256-+Ba/kIn5BjvV7PN8bWOo7RoqgTY/Yv2M7qeMf3wS2Ag=",
        "ref": "refs/heads/main",
        "rev": "77d2389874bb092b8dbf05ecc5b1030372e80e98",
        "revCount": 1417,
        "type": "git",
        "url": "https://spectrum-os.org/git/spectrum"
      },
      "original": {
        "type": "git",
        "url": "https://spectrum-os.org/git/spectrum"
      }
    }
  },
  "root": "root",
  "version": 7
}
